
Microsoft Visual Studio Solution File, Format Version 12.00
# Visual Studio 2012
Project("{FAE04EC0-301F-11D3-BF4B-00C04F79EFBC}") = "Phonebook.Domain", "Phonebook.Domain\Phonebook.Domain.csproj", "{8DB600D8-61B6-44D4-8D17-B3C07AAE6D5F}"
EndProject
Project("{FAE04EC0-301F-11D3-BF4B-00C04F79EFBC}") = "Phonebook.Data", "Phonebook.Data\Phonebook.Data.csproj", "{482A85A5-2D8C-49FE-BEF0-1A986C03E076}"
EndProject
Project("{FAE04EC0-301F-11D3-BF4B-00C04F79EFBC}") = "MyTest", "MyTest\MyTest.csproj", "{A8D679E4-627E-43B1-B903-22DA3C90CDC8}"
EndProject
Project("{FAE04EC0-301F-11D3-BF4B-00C04F79EFBC}") = "Phonebook.Tests", "Phonebook.Tests\Phonebook.Tests.csproj", "{8FC528D9-FEAA-4097-AE3B-B9300EFD14C8}"
EndProject
Project("{2150E333-8FDC-42A3-9474-1A3956D46DE8}") = ".nuget", ".nuget", "{34D25FF9-340D-410E-BB47-EEFA5CC2F1F7}"
	ProjectSection(SolutionItems) = preProject
		.nuget\NuGet.Config = .nuget\NuGet.Config
		.nuget\NuGet.exe = .nuget\NuGet.exe
		.nuget\NuGet.targets = .nuget\NuGet.targets
	EndProjectSection
EndProject
Project("{FAE04EC0-301F-11D3-BF4B-00C04F79EFBC}") = "Phonebook.Common", "Phonebook.Common\Phonebook.Common.csproj", "{61ED0D02-7795-495B-A837-495F273DF058}"
EndProject
Global
	GlobalSection(SolutionConfigurationPlatforms) = preSolution
		Debug|Any CPU = Debug|Any CPU
		Release|Any CPU = Release|Any CPU
	EndGlobalSection
	GlobalSection(ProjectConfigurationPlatforms) = postSolution
		{8DB600D8-61B6-44D4-8D17-B3C07AAE6D5F}.Debug|Any CPU.ActiveCfg = Debug|Any CPU
		{8DB600D8-61B6-44D4-8D17-B3C07AAE6D5F}.Debug|Any CPU.Build.0 = Debug|Any CPU
		{8DB600D8-61B6-44D4-8D17-B3C07AAE6D5F}.Release|Any CPU.ActiveCfg = Release|Any CPU
		{8DB600D8-61B6-44D4-8D17-B3C07AAE6D5F}.Release|Any CPU.Build.0 = Release|Any CPU
		{482A85A5-2D8C-49FE-BEF0-1A986C03E076}.Debug|Any CPU.ActiveCfg = Debug|Any CPU
		{482A85A5-2D8C-49FE-BEF0-1A986C03E076}.Debug|Any CPU.Build.0 = Debug|Any CPU
		{482A85A5-2D8C-49FE-BEF0-1A986C03E076}.Release|Any CPU.ActiveCfg = Release|Any CPU
		{482A85A5-2D8C-49FE-BEF0-1A986C03E076}.Release|Any CPU.Build.0 = Release|Any CPU
		{A8D679E4-627E-43B1-B903-22DA3C90CDC8}.Debug|Any CPU.ActiveCfg = Debug|Any CPU
		{A8D679E4-627E-43B1-B903-22DA3C90CDC8}.Debug|Any CPU.Build.0 = Debug|Any CPU
		{A8D679E4-627E-43B1-B903-22DA3C90CDC8}.Release|Any CPU.ActiveCfg = Release|Any CPU
		{A8D679E4-627E-43B1-B903-22DA3C90CDC8}.Release|Any CPU.Build.0 = Release|Any CPU
		{8FC528D9-FEAA-4097-AE3B-B9300EFD14C8}.Debug|Any CPU.ActiveCfg = Debug|Any CPU
		{8FC528D9-FEAA-4097-AE3B-B9300EFD14C8}.Debug|Any CPU.Build.0 = Debug|Any CPU
		{8FC528D9-FEAA-4097-AE3B-B9300EFD14C8}.Release|Any CPU.ActiveCfg = Release|Any CPU
		{8FC528D9-FEAA-4097-AE3B-B9300EFD14C8}.Release|Any CPU.Build.0 = Release|Any CPU
		{61ED0D02-7795-495B-A837-495F273DF058}.Debug|Any CPU.ActiveCfg = Debug|Any CPU
		{61ED0D02-7795-495B-A837-495F273DF058}.Debug|Any CPU.Build.0 = Debug|Any CPU
		{61ED0D02-7795-495B-A837-495F273DF058}.Release|Any CPU.ActiveCfg = Release|Any CPU
		{61ED0D02-7795-495B-A837-495F273DF058}.Release|Any CPU.Build.0 = Release|Any CPU
	EndGlobalSection
	GlobalSection(SolutionProperties) = preSolution
		HideSolutionNode = FALSE
	EndGlobalSection
EndGlobal
